<?xml version="1.0" encoding="utf-8"?>
<Project ToolsVersion="4.0" xmlns="http://schemas.microsoft.com/developer/msbuild/2003">
  <ItemGroup>
    <Filter Include="Main">
      <UniqueIdentifier>{4FC737F1-C7A5-4376-A066-2A32D752A2FF}</UniqueIdentifier>
      <Extensions>cpp;c;cc;cxx;def;odl;idl;hpj;bat;asm;asmx</Extensions>
    </Filter>
    <Filter Include="MatchLogic">
      <UniqueIdentifier>{cd370625-1c2f-463a-a792-d2613d3a5a34}</UniqueIdentifier>
    </Filter>
    <Filter Include="Shared">
      <UniqueIdentifier>{a48f8a1d-2aac-45ba-b994-11e20977280a}</UniqueIdentifier>
    </Filter>
  </ItemGroup>
  <ItemGroup>
    <Text Include="ReadMe.txt" />
  </ItemGroup>
  <ItemGroup>
    <ClInclude Include="targetver.h">
      <Filter>Main</Filter>
    </ClInclude>
    <ClInclude Include="stdafx.h">
      <Filter>Main</Filter>
    </ClInclude>
    <ClInclude Include="IocpManager.h">
      <Filter>Main</Filter>
    </ClInclude>
    <ClInclude Include="IOThread.h">
      <Filter>Main</Filter>
    </ClInclude>
    <ClInclude Include="PlayerSession.h">
      <Filter>MatchLogic</Filter>
    </ClInclude>
    <ClInclude Include="..\..\Shared\SharedStruct.h">
      <Filter>Shared</Filter>
    </ClInclude>
    <ClInclude Include="MatchMaker.h">
      <Filter>MatchLogic</Filter>
    </ClInclude>
    <ClInclude Include="..\..\Shared\CircularBuffer.h">
      <Filter>Shared</Filter>
    </ClInclude>
    <ClInclude Include="..\..\Shared\ini.h">
      <Filter>Shared</Filter>
    </ClInclude>
    <ClInclude Include="..\..\Shared\INIReader.h">
      <Filter>Shared</Filter>
    </ClInclude>
    <ClInclude Include="ThreadLocal.h">
      <Filter>Main</Filter>
    </ClInclude>
    <ClInclude Include="Exception.h">
      <Filter>Main</Filter>
    </ClInclude>
    <ClInclude Include="FastSpinlock.h">
      <Filter>Main</Filter>
    </ClInclude>
    <ClInclude Include="Log.h">
      <Filter>Main</Filter>
    </ClInclude>
    <ClInclude Include="ObjectPool.h">
      <Filter>Main</Filter>
    </ClInclude>
    <ClInclude Include="OverlappedIOContext.h">
      <Filter>Main</Filter>
    </ClInclude>
    <ClInclude Include="Session.h">
      <Filter>Main</Filter>
    </ClInclude>
  </ItemGroup>
  <ItemGroup>
    <ClCompile Include="stdafx.cpp">
      <Filter>Main</Filter>
    </ClCompile>
    <ClCompile Include="GomokuMatchMaker.cpp">
      <Filter>Main</Filter>
    </ClCompile>
    <ClCompile Include="IocpManager.cpp">
      <Filter>Main</Filter>
    </ClCompile>
    <ClCompile Include="IOThread.cpp">
      <Filter>Main</Filter>
    </ClCompile>
    <ClCompile Include="PlayerSession.cpp">
      <Filter>MatchLogic</Filter>
    </ClCompile>
    <ClCompile Include="PacketHandler.cpp">
      <Filter>MatchLogic</Filter>
    </ClCompile>
    <ClCompile Include="MatchMaker.cpp">
      <Filter>MatchLogic</Filter>
    </ClCompile>
    <ClCompile Include="..\..\Shared\CircularBuffer.cpp">
      <Filter>Shared</Filter>
    </ClCompile>
    <ClCompile Include="..\..\Shared\ini.c">
      <Filter>Shared</Filter>
    </ClCompile>
    <ClCompile Include="..\..\Shared\INIReader.cpp">
      <Filter>Shared</Filter>
    </ClCompile>
    <ClCompile Include="Exception.cpp">
      <Filter>Main</Filter>
    </ClCompile>
    <ClCompile Include="FastSpinlock.cpp">
      <Filter>Main</Filter>
    </ClCompile>
    <ClCompile Include="Log.cpp">
      <Filter>Main</Filter>
    </ClCompile>
    <ClCompile Include="OverlappedIOContext.cpp">
      <Filter>Main</Filter>
    </ClCompile>
    <ClCompile Include="Session.cpp">
      <Filter>Main</Filter>
    </ClCompile>
    <ClCompile Include="ThreadLocal.cpp">
      <Filter>Main</Filter>
    </ClCompile>
  </ItemGroup>
  <ItemGroup>
    <None Include="config.ini" />
    <None Include="packages.config" />
  </ItemGroup>
</Project>